
Microsoft Visual Studio Solution File, Format Version 12.00
# Visual Studio 15
VisualStudioVersion = 15.0.26403.7
MinimumVisualStudioVersion = 10.0.40219.1
Project("{FAE04EC0-301F-11D3-BF4B-00C04F79EFBC}") = "PixelFlow", "PixelFlow\PixelFlow.csproj", "{2DA60619-3373-44C4-B122-E3852FA14474}"
EndProject
Project("{FAE04EC0-301F-11D3-BF4B-00C04F79EFBC}") = "Tests", "Tests\Tests.csproj", "{6D4C4415-C6EE-4D38-BAA6-B78D02895466}"
EndProject
Project("{FAE04EC0-301F-11D3-BF4B-00C04F79EFBC}") = "Utilities", "Utilities\Utilities.csproj", "{9C14D421-E4FC-4D3F-8213-CE67FB912ACE}"
EndProject
Global
	GlobalSection(SolutionConfigurationPlatforms) = preSolution
		Debug|Any CPU = Debug|Any CPU
		Release|Any CPU = Release|Any CPU
	EndGlobalSection
	GlobalSection(ProjectConfigurationPlatforms) = postSolution
		{2DA60619-3373-44C4-B122-E3852FA14474}.Debug|Any CPU.ActiveCfg = Debug|Any CPU
		{2DA60619-3373-44C4-B122-E3852FA14474}.Debug|Any CPU.Build.0 = Debug|Any CPU
		{2DA60619-3373-44C4-B122-E3852FA14474}.Release|Any CPU.ActiveCfg = Release|Any CPU
		{2DA60619-3373-44C4-B122-E3852FA14474}.Release|Any CPU.Build.0 = Release|Any CPU
		{6D4C4415-C6EE-4D38-BAA6-B78D02895466}.Debug|Any CPU.ActiveCfg = Debug|Any CPU
		{6D4C4415-C6EE-4D38-BAA6-B78D02895466}.Debug|Any CPU.Build.0 = Debug|Any CPU
		{6D4C4415-C6EE-4D38-BAA6-B78D02895466}.Release|Any CPU.ActiveCfg = Release|Any CPU
		{6D4C4415-C6EE-4D38-BAA6-B78D02895466}.Release|Any CPU.Build.0 = Release|Any CPU
		{9C14D421-E4FC-4D3F-8213-CE67FB912ACE}.Debug|Any CPU.ActiveCfg = Debug|Any CPU
		{9C14D421-E4FC-4D3F-8213-CE67FB912ACE}.Debug|Any CPU.Build.0 = Debug|Any CPU
		{9C14D421-E4FC-4D3F-8213-CE67FB912ACE}.Release|Any CPU.ActiveCfg = Release|Any CPU
		{9C14D421-E4FC-4D3F-8213-CE67FB912ACE}.Release|Any CPU.Build.0 = Release|Any CPU
	EndGlobalSection
	GlobalSection(SolutionProperties) = preSolution
		HideSolutionNode = FALSE
	EndGlobalSection
EndGlobal
